
Microsoft Visual Studio Solution File, Format Version 12.00
# Visual Studio Version 17
VisualStudioVersion = 17.6.33723.286
MinimumVisualStudioVersion = 10.0.40219.1
Project("{FAE04EC0-301F-11D3-BF4B-00C04F79EFBC}") = "test-database-first", "test-database-first\test-database-first.csproj", "{21481063-6981-478B-9CFC-0F17CF6B9F4F}"
EndProject
Global
	GlobalSection(SolutionConfigurationPlatforms) = preSolution
		Debug|Any CPU = Debug|Any CPU
		Release|Any CPU = Release|Any CPU
	EndGlobalSection
	GlobalSection(ProjectConfigurationPlatforms) = postSolution
		{21481063-6981-478B-9CFC-0F17CF6B9F4F}.Debug|Any CPU.ActiveCfg = Debug|Any CPU
		{21481063-6981-478B-9CFC-0F17CF6B9F4F}.Debug|Any CPU.Build.0 = Debug|Any CPU
		{21481063-6981-478B-9CFC-0F17CF6B9F4F}.Release|Any CPU.ActiveCfg = Release|Any CPU
		{21481063-6981-478B-9CFC-0F17CF6B9F4F}.Release|Any CPU.Build.0 = Release|Any CPU
	EndGlobalSection
	GlobalSection(SolutionProperties) = preSolution
		HideSolutionNode = FALSE
	EndGlobalSection
	GlobalSection(ExtensibilityGlobals) = postSolution
		SolutionGuid = {34A8E2FC-EC2E-4E4A-9322-B1B7666E1C3C}
	EndGlobalSection
EndGlobal
